
Microsoft Visual Studio Solution File, Format Version 12.00
# Visual Studio Version 17
VisualStudioVersion = 17.4.33205.214
MinimumVisualStudioVersion = 10.0.40219.1
Project("{FAE04EC0-301F-11D3-BF4B-00C04F79EFBC}") = "PictureboxButton", "PictureboxButton\PictureboxButton.csproj", "{52F8F216-DFDD-4947-BC0C-6CF89B4CE75D}"
EndProject
Global
	GlobalSection(SolutionConfigurationPlatforms) = preSolution
		Debug|Any CPU = Debug|Any CPU
		Release|Any CPU = Release|Any CPU
	EndGlobalSection
	GlobalSection(ProjectConfigurationPlatforms) = postSolution
		{52F8F216-DFDD-4947-BC0C-6CF89B4CE75D}.Debug|Any CPU.ActiveCfg = Debug|Any CPU
		{52F8F216-DFDD-4947-BC0C-6CF89B4CE75D}.Debug|Any CPU.Build.0 = Debug|Any CPU
		{52F8F216-DFDD-4947-BC0C-6CF89B4CE75D}.Release|Any CPU.ActiveCfg = Release|Any CPU
		{52F8F216-DFDD-4947-BC0C-6CF89B4CE75D}.Release|Any CPU.Build.0 = Release|Any CPU
	EndGlobalSection
	GlobalSection(SolutionProperties) = preSolution
		HideSolutionNode = FALSE
	EndGlobalSection
	GlobalSection(ExtensibilityGlobals) = postSolution
		SolutionGuid = {D486928A-7FA0-4DA7-BB81-A2F6419B078D}
	EndGlobalSection
EndGlobal
